{
  "name": "squirrel_validator",
  "version": "1.0.0",
  "lockfileVersion": 2,
  "requires": true,
  "packages": {
    "": {
      "name": "squirrel_validator",
      "version": "1.0.0",
      "license": "MIT",
      "devDependencies": {
        "squirrel_util": "^1.0.1"
      }
    },
    "node_modules/squirrel_util": {
      "version": "1.0.4",
      "resolved": "https://registry.npmjs.org/squirrel_util/-/squirrel_util-1.0.4.tgz",
      "integrity": "sha512-J9+p9Q6ecid2GtGrvwNtUsnn/o9nICH9OQGKelfDfPYRTyrahuM4HRKOI2RCM/H/Xq/rjo9xbu9cZJtLqBRQnw==",
      "dev": true
    }
  },
  "dependencies": {
    "squirrel_util": {
      "version": "1.0.4",
      "resolved": "https://registry.npmjs.org/squirrel_util/-/squirrel_util-1.0.4.tgz",
      "integrity": "sha512-J9+p9Q6ecid2GtGrvwNtUsnn/o9nICH9OQGKelfDfPYRTyrahuM4HRKOI2RCM/H/Xq/rjo9xbu9cZJtLqBRQnw==",
      "dev": true
    }
  }
}
